
Microsoft Visual Studio Solution File, Format Version 12.00
# Visual Studio Version 16
VisualStudioVersion = 16.0.29503.13
MinimumVisualStudioVersion = 10.0.40219.1
Project("{9A19103F-16F7-4668-BE54-9A1E7A4F7556}") = "PizzaOrder", "PizzaOrder\PizzaOrder.csproj", "{2144C8F4-4972-4A76-B957-7E1D6786766F}"
EndProject
Project("{FAE04EC0-301F-11D3-BF4B-00C04F79EFBC}") = "PizzaOrderFixature", "PizzaOrderFixature\PizzaOrderFixature.csproj", "{36C8A6B4-ED2B-47BC-A8BE-6EA9E1CB91ED}"
EndProject
Global
	GlobalSection(SolutionConfigurationPlatforms) = preSolution
		Debug|Any CPU = Debug|Any CPU
		Release|Any CPU = Release|Any CPU
	EndGlobalSection
	GlobalSection(ProjectConfigurationPlatforms) = postSolution
		{2144C8F4-4972-4A76-B957-7E1D6786766F}.Debug|Any CPU.ActiveCfg = Debug|Any CPU
		{2144C8F4-4972-4A76-B957-7E1D6786766F}.Debug|Any CPU.Build.0 = Debug|Any CPU
		{2144C8F4-4972-4A76-B957-7E1D6786766F}.Release|Any CPU.ActiveCfg = Release|Any CPU
		{2144C8F4-4972-4A76-B957-7E1D6786766F}.Release|Any CPU.Build.0 = Release|Any CPU
		{36C8A6B4-ED2B-47BC-A8BE-6EA9E1CB91ED}.Debug|Any CPU.ActiveCfg = Debug|Any CPU
		{36C8A6B4-ED2B-47BC-A8BE-6EA9E1CB91ED}.Debug|Any CPU.Build.0 = Debug|Any CPU
		{36C8A6B4-ED2B-47BC-A8BE-6EA9E1CB91ED}.Release|Any CPU.ActiveCfg = Release|Any CPU
		{36C8A6B4-ED2B-47BC-A8BE-6EA9E1CB91ED}.Release|Any CPU.Build.0 = Release|Any CPU
	EndGlobalSection
	GlobalSection(SolutionProperties) = preSolution
		HideSolutionNode = FALSE
	EndGlobalSection
	GlobalSection(ExtensibilityGlobals) = postSolution
		SolutionGuid = {E7D7A57D-6887-43C1-81F6-C9FE91E35EEC}
	EndGlobalSection
EndGlobal
